
Microsoft Visual Studio Solution File, Format Version 12.00
# Visual Studio Version 16
VisualStudioVersion = 16.0.29102.190
MinimumVisualStudioVersion = 10.0.40219.1
Project("{9A19103F-16F7-4668-BE54-9A1E7A4F7556}") = "TrainingHarder", "TrainingHarder\TrainingHarder.csproj", "{60D03F91-6D26-40BE-AECE-6EE29A4971B9}"
EndProject
Project("{9A19103F-16F7-4668-BE54-9A1E7A4F7556}") = "Fibonacci", "Fibonacci\Fibonacci.csproj", "{EDD10B57-7505-4AC2-AEA3-FA4DC69D6544}"
EndProject
Project("{9A19103F-16F7-4668-BE54-9A1E7A4F7556}") = "Prime", "Prime\Prime.csproj", "{8E00F1DD-19DA-47E0-BA2F-5E5764FE8377}"
EndProject
Project("{9A19103F-16F7-4668-BE54-9A1E7A4F7556}") = "Palindrome", "Palindrome\Palindrome.csproj", "{C94D1892-E1F6-431A-81C7-49E40DAE0D48}"
EndProject
Project("{9A19103F-16F7-4668-BE54-9A1E7A4F7556}") = "Factorial", "Factorial\Factorial.csproj", "{2DD27BB9-154A-41EF-A27D-A99DDE6760CC}"
EndProject
Project("{9A19103F-16F7-4668-BE54-9A1E7A4F7556}") = "Armstrong", "Armstrong\Armstrong.csproj", "{E2F444AB-DCBC-4436-98FE-59C3891F1917}"
EndProject
Project("{9A19103F-16F7-4668-BE54-9A1E7A4F7556}") = "Sum", "Reverse\Sum.csproj", "{642E9DE0-BA97-49E5-AD27-4816ED51F1DB}"
EndProject
Project("{9A19103F-16F7-4668-BE54-9A1E7A4F7556}") = "ReverseNumber", "ReverseNumber\ReverseNumber.csproj", "{B1FADF0F-0F97-4903-AEF1-653A0FE3CF81}"
EndProject
Project("{9A19103F-16F7-4668-BE54-9A1E7A4F7556}") = "Swap", "Swap\Swap.csproj", "{0353CCA5-BD50-43BD-B2DF-3B84C6DBBA54}"
EndProject
Project("{9A19103F-16F7-4668-BE54-9A1E7A4F7556}") = "DecimaltoBinary", "DecimaltoBinary\DecimaltoBinary.csproj", "{2555712F-000F-4660-BCEF-3864A5BC3485}"
EndProject
Project("{9A19103F-16F7-4668-BE54-9A1E7A4F7556}") = "CharacterConverter", "CharacterConverter\CharacterConverter.csproj", "{38C04B27-037A-4EA5-84C1-CDCCA66CD957}"
EndProject
Project("{9A19103F-16F7-4668-BE54-9A1E7A4F7556}") = "AlphabetTriangle", "AlphabetTriangle\AlphabetTriangle.csproj", "{3BAA50D1-265C-4069-8A68-387E6DE84CB9}"
EndProject
Project("{9A19103F-16F7-4668-BE54-9A1E7A4F7556}") = "Numbertriagle", "Numbertriagle\Numbertriagle.csproj", "{1E474265-BFAE-4A0C-B216-B5BF32455B4D}"
EndProject
Project("{9A19103F-16F7-4668-BE54-9A1E7A4F7556}") = "FibonacciTriangle", "FibonacciTriangle\FibonacciTriangle.csproj", "{374B052F-CC94-4438-A23E-D027EC103163}"
EndProject
Project("{9A19103F-16F7-4668-BE54-9A1E7A4F7556}") = "GroupingData", "GroupingData\GroupingData.csproj", "{6FECB3D6-04AB-4DB7-B214-619B4FE75329}"
EndProject
Project("{9A19103F-16F7-4668-BE54-9A1E7A4F7556}") = "IEnumerablExample", "IEnumerablExample\IEnumerablExample.csproj", "{93BFC73C-9586-475F-B680-494F470B6940}"
EndProject
Project("{9A19103F-16F7-4668-BE54-9A1E7A4F7556}") = "Name", "Name\Name.csproj", "{276EA9DE-153D-46B1-B169-3D02ED84C78D}"
EndProject
Project("{9A19103F-16F7-4668-BE54-9A1E7A4F7556}") = "Dividing", "Dividing\Dividing.csproj", "{EEE90AF3-857D-4FB1-B79D-D70BBAC09E7C}"
EndProject
Project("{9A19103F-16F7-4668-BE54-9A1E7A4F7556}") = "Average", "Average\Average.csproj", "{509813F6-02AB-4B96-8126-1FF16B0AEA41}"
EndProject
Project("{9A19103F-16F7-4668-BE54-9A1E7A4F7556}") = "10", "10\10.csproj", "{148BB006-7FCE-4E37-8C3C-3B8B050FC9D7}"
EndProject
Project("{9A19103F-16F7-4668-BE54-9A1E7A4F7556}") = "11", "11\11.csproj", "{B015C8A1-0A2D-4BA9-92A6-4670E8B26DBC}"
EndProject
Project("{9A19103F-16F7-4668-BE54-9A1E7A4F7556}") = "12", "12\12.csproj", "{95CEAD32-DE93-4D31-AEC9-05DC4B655189}"
EndProject
Project("{9A19103F-16F7-4668-BE54-9A1E7A4F7556}") = "Exercise13", "Exercise13\Exercise13.csproj", "{30E7110A-99CE-43DD-8445-460CA916B8C1}"
EndProject
Project("{9A19103F-16F7-4668-BE54-9A1E7A4F7556}") = "Exercise14", "Exercise14\Exercise14.csproj", "{7BDA4004-1225-4B45-9615-4AADA5DA57BC}"
EndProject
Project("{9A19103F-16F7-4668-BE54-9A1E7A4F7556}") = "Exercise15", "Exercise15\Exercise15.csproj", "{AE8F5BEE-A541-41F9-99AD-CD1262E34232}"
EndProject
Project("{9A19103F-16F7-4668-BE54-9A1E7A4F7556}") = "Exercise16", "Exercise16\Exercise16.csproj", "{92223912-8D2F-466D-B65E-F2066E970400}"
EndProject
Project("{9A19103F-16F7-4668-BE54-9A1E7A4F7556}") = "Exercise17", "Exercise17\Exercise17.csproj", "{589F3AC1-331B-4167-8D0B-843C5E6139BA}"
EndProject
Project("{9A19103F-16F7-4668-BE54-9A1E7A4F7556}") = "Exercise18", "Exercise18\Exercise18.csproj", "{23316D8F-6769-43DC-B115-FB2E1BCC3623}"
EndProject
Project("{9A19103F-16F7-4668-BE54-9A1E7A4F7556}") = "Exercise19", "Exercise19\Exercise19.csproj", "{6E740C99-3E6B-417B-89F2-DC76B9942FF4}"
EndProject
Project("{9A19103F-16F7-4668-BE54-9A1E7A4F7556}") = "Exercise20", "Exercise20\Exercise20.csproj", "{AFF7A858-58CF-46B0-B304-EDC3F185B5F8}"
EndProject
Project("{FAE04EC0-301F-11D3-BF4B-00C04F79EFBC}") = "Inter", "Inter\Inter.csproj", "{00D6E76D-9BFA-4C1A-A4B2-FD98F07BB10F}"
EndProject
Global
	GlobalSection(SolutionConfigurationPlatforms) = preSolution
		Debug|Any CPU = Debug|Any CPU
		Release|Any CPU = Release|Any CPU
	EndGlobalSection
	GlobalSection(ProjectConfigurationPlatforms) = postSolution
		{60D03F91-6D26-40BE-AECE-6EE29A4971B9}.Debug|Any CPU.ActiveCfg = Debug|Any CPU
		{60D03F91-6D26-40BE-AECE-6EE29A4971B9}.Debug|Any CPU.Build.0 = Debug|Any CPU
		{60D03F91-6D26-40BE-AECE-6EE29A4971B9}.Release|Any CPU.ActiveCfg = Release|Any CPU
		{60D03F91-6D26-40BE-AECE-6EE29A4971B9}.Release|Any CPU.Build.0 = Release|Any CPU
		{EDD10B57-7505-4AC2-AEA3-FA4DC69D6544}.Debug|Any CPU.ActiveCfg = Debug|Any CPU
		{EDD10B57-7505-4AC2-AEA3-FA4DC69D6544}.Debug|Any CPU.Build.0 = Debug|Any CPU
		{EDD10B57-7505-4AC2-AEA3-FA4DC69D6544}.Release|Any CPU.ActiveCfg = Release|Any CPU
		{EDD10B57-7505-4AC2-AEA3-FA4DC69D6544}.Release|Any CPU.Build.0 = Release|Any CPU
		{8E00F1DD-19DA-47E0-BA2F-5E5764FE8377}.Debug|Any CPU.ActiveCfg = Debug|Any CPU
		{8E00F1DD-19DA-47E0-BA2F-5E5764FE8377}.Debug|Any CPU.Build.0 = Debug|Any CPU
		{8E00F1DD-19DA-47E0-BA2F-5E5764FE8377}.Release|Any CPU.ActiveCfg = Release|Any CPU
		{8E00F1DD-19DA-47E0-BA2F-5E5764FE8377}.Release|Any CPU.Build.0 = Release|Any CPU
		{C94D1892-E1F6-431A-81C7-49E40DAE0D48}.Debug|Any CPU.ActiveCfg = Debug|Any CPU
		{C94D1892-E1F6-431A-81C7-49E40DAE0D48}.Debug|Any CPU.Build.0 = Debug|Any CPU
		{C94D1892-E1F6-431A-81C7-49E40DAE0D48}.Release|Any CPU.ActiveCfg = Release|Any CPU
		{C94D1892-E1F6-431A-81C7-49E40DAE0D48}.Release|Any CPU.Build.0 = Release|Any CPU
		{2DD27BB9-154A-41EF-A27D-A99DDE6760CC}.Debug|Any CPU.ActiveCfg = Debug|Any CPU
		{2DD27BB9-154A-41EF-A27D-A99DDE6760CC}.Debug|Any CPU.Build.0 = Debug|Any CPU
		{2DD27BB9-154A-41EF-A27D-A99DDE6760CC}.Release|Any CPU.ActiveCfg = Release|Any CPU
		{2DD27BB9-154A-41EF-A27D-A99DDE6760CC}.Release|Any CPU.Build.0 = Release|Any CPU
		{E2F444AB-DCBC-4436-98FE-59C3891F1917}.Debug|Any CPU.ActiveCfg = Debug|Any CPU
		{E2F444AB-DCBC-4436-98FE-59C3891F1917}.Debug|Any CPU.Build.0 = Debug|Any CPU
		{E2F444AB-DCBC-4436-98FE-59C3891F1917}.Release|Any CPU.ActiveCfg = Release|Any CPU
		{E2F444AB-DCBC-4436-98FE-59C3891F1917}.Release|Any CPU.Build.0 = Release|Any CPU
		{642E9DE0-BA97-49E5-AD27-4816ED51F1DB}.Debug|Any CPU.ActiveCfg = Debug|Any CPU
		{642E9DE0-BA97-49E5-AD27-4816ED51F1DB}.Debug|Any CPU.Build.0 = Debug|Any CPU
		{642E9DE0-BA97-49E5-AD27-4816ED51F1DB}.Release|Any CPU.ActiveCfg = Release|Any CPU
		{642E9DE0-BA97-49E5-AD27-4816ED51F1DB}.Release|Any CPU.Build.0 = Release|Any CPU
		{B1FADF0F-0F97-4903-AEF1-653A0FE3CF81}.Debug|Any CPU.ActiveCfg = Debug|Any CPU
		{B1FADF0F-0F97-4903-AEF1-653A0FE3CF81}.Debug|Any CPU.Build.0 = Debug|Any CPU
		{B1FADF0F-0F97-4903-AEF1-653A0FE3CF81}.Release|Any CPU.ActiveCfg = Release|Any CPU
		{B1FADF0F-0F97-4903-AEF1-653A0FE3CF81}.Release|Any CPU.Build.0 = Release|Any CPU
		{0353CCA5-BD50-43BD-B2DF-3B84C6DBBA54}.Debug|Any CPU.ActiveCfg = Debug|Any CPU
		{0353CCA5-BD50-43BD-B2DF-3B84C6DBBA54}.Debug|Any CPU.Build.0 = Debug|Any CPU
		{0353CCA5-BD50-43BD-B2DF-3B84C6DBBA54}.Release|Any CPU.ActiveCfg = Release|Any CPU
		{0353CCA5-BD50-43BD-B2DF-3B84C6DBBA54}.Release|Any CPU.Build.0 = Release|Any CPU
		{2555712F-000F-4660-BCEF-3864A5BC3485}.Debug|Any CPU.ActiveCfg = Debug|Any CPU
		{2555712F-000F-4660-BCEF-3864A5BC3485}.Debug|Any CPU.Build.0 = Debug|Any CPU
		{2555712F-000F-4660-BCEF-3864A5BC3485}.Release|Any CPU.ActiveCfg = Release|Any CPU
		{2555712F-000F-4660-BCEF-3864A5BC3485}.Release|Any CPU.Build.0 = Release|Any CPU
		{38C04B27-037A-4EA5-84C1-CDCCA66CD957}.Debug|Any CPU.ActiveCfg = Debug|Any CPU
		{38C04B27-037A-4EA5-84C1-CDCCA66CD957}.Debug|Any CPU.Build.0 = Debug|Any CPU
		{38C04B27-037A-4EA5-84C1-CDCCA66CD957}.Release|Any CPU.ActiveCfg = Release|Any CPU
		{38C04B27-037A-4EA5-84C1-CDCCA66CD957}.Release|Any CPU.Build.0 = Release|Any CPU
		{3BAA50D1-265C-4069-8A68-387E6DE84CB9}.Debug|Any CPU.ActiveCfg = Debug|Any CPU
		{3BAA50D1-265C-4069-8A68-387E6DE84CB9}.Debug|Any CPU.Build.0 = Debug|Any CPU
		{3BAA50D1-265C-4069-8A68-387E6DE84CB9}.Release|Any CPU.ActiveCfg = Release|Any CPU
		{3BAA50D1-265C-4069-8A68-387E6DE84CB9}.Release|Any CPU.Build.0 = Release|Any CPU
		{1E474265-BFAE-4A0C-B216-B5BF32455B4D}.Debug|Any CPU.ActiveCfg = Debug|Any CPU
		{1E474265-BFAE-4A0C-B216-B5BF32455B4D}.Debug|Any CPU.Build.0 = Debug|Any CPU
		{1E474265-BFAE-4A0C-B216-B5BF32455B4D}.Release|Any CPU.ActiveCfg = Release|Any CPU
		{1E474265-BFAE-4A0C-B216-B5BF32455B4D}.Release|Any CPU.Build.0 = Release|Any CPU
		{374B052F-CC94-4438-A23E-D027EC103163}.Debug|Any CPU.ActiveCfg = Debug|Any CPU
		{374B052F-CC94-4438-A23E-D027EC103163}.Debug|Any CPU.Build.0 = Debug|Any CPU
		{374B052F-CC94-4438-A23E-D027EC103163}.Release|Any CPU.ActiveCfg = Release|Any CPU
		{374B052F-CC94-4438-A23E-D027EC103163}.Release|Any CPU.Build.0 = Release|Any CPU
		{6FECB3D6-04AB-4DB7-B214-619B4FE75329}.Debug|Any CPU.ActiveCfg = Debug|Any CPU
		{6FECB3D6-04AB-4DB7-B214-619B4FE75329}.Debug|Any CPU.Build.0 = Debug|Any CPU
		{6FECB3D6-04AB-4DB7-B214-619B4FE75329}.Release|Any CPU.ActiveCfg = Release|Any CPU
		{6FECB3D6-04AB-4DB7-B214-619B4FE75329}.Release|Any CPU.Build.0 = Release|Any CPU
		{93BFC73C-9586-475F-B680-494F470B6940}.Debug|Any CPU.ActiveCfg = Debug|Any CPU
		{93BFC73C-9586-475F-B680-494F470B6940}.Debug|Any CPU.Build.0 = Debug|Any CPU
		{93BFC73C-9586-475F-B680-494F470B6940}.Release|Any CPU.ActiveCfg = Release|Any CPU
		{93BFC73C-9586-475F-B680-494F470B6940}.Release|Any CPU.Build.0 = Release|Any CPU
		{276EA9DE-153D-46B1-B169-3D02ED84C78D}.Debug|Any CPU.ActiveCfg = Debug|Any CPU
		{276EA9DE-153D-46B1-B169-3D02ED84C78D}.Debug|Any CPU.Build.0 = Debug|Any CPU
		{276EA9DE-153D-46B1-B169-3D02ED84C78D}.Release|Any CPU.ActiveCfg = Release|Any CPU
		{276EA9DE-153D-46B1-B169-3D02ED84C78D}.Release|Any CPU.Build.0 = Release|Any CPU
		{EEE90AF3-857D-4FB1-B79D-D70BBAC09E7C}.Debug|Any CPU.ActiveCfg = Debug|Any CPU
		{EEE90AF3-857D-4FB1-B79D-D70BBAC09E7C}.Debug|Any CPU.Build.0 = Debug|Any CPU
		{EEE90AF3-857D-4FB1-B79D-D70BBAC09E7C}.Release|Any CPU.ActiveCfg = Release|Any CPU
		{EEE90AF3-857D-4FB1-B79D-D70BBAC09E7C}.Release|Any CPU.Build.0 = Release|Any CPU
		{509813F6-02AB-4B96-8126-1FF16B0AEA41}.Debug|Any CPU.ActiveCfg = Debug|Any CPU
		{509813F6-02AB-4B96-8126-1FF16B0AEA41}.Debug|Any CPU.Build.0 = Debug|Any CPU
		{509813F6-02AB-4B96-8126-1FF16B0AEA41}.Release|Any CPU.ActiveCfg = Release|Any CPU
		{509813F6-02AB-4B96-8126-1FF16B0AEA41}.Release|Any CPU.Build.0 = Release|Any CPU
		{148BB006-7FCE-4E37-8C3C-3B8B050FC9D7}.Debug|Any CPU.ActiveCfg = Debug|Any CPU
		{148BB006-7FCE-4E37-8C3C-3B8B050FC9D7}.Debug|Any CPU.Build.0 = Debug|Any CPU
		{148BB006-7FCE-4E37-8C3C-3B8B050FC9D7}.Release|Any CPU.ActiveCfg = Release|Any CPU
		{148BB006-7FCE-4E37-8C3C-3B8B050FC9D7}.Release|Any CPU.Build.0 = Release|Any CPU
		{B015C8A1-0A2D-4BA9-92A6-4670E8B26DBC}.Debug|Any CPU.ActiveCfg = Debug|Any CPU
		{B015C8A1-0A2D-4BA9-92A6-4670E8B26DBC}.Debug|Any CPU.Build.0 = Debug|Any CPU
		{B015C8A1-0A2D-4BA9-92A6-4670E8B26DBC}.Release|Any CPU.ActiveCfg = Release|Any CPU
		{B015C8A1-0A2D-4BA9-92A6-4670E8B26DBC}.Release|Any CPU.Build.0 = Release|Any CPU
		{95CEAD32-DE93-4D31-AEC9-05DC4B655189}.Debug|Any CPU.ActiveCfg = Debug|Any CPU
		{95CEAD32-DE93-4D31-AEC9-05DC4B655189}.Debug|Any CPU.Build.0 = Debug|Any CPU
		{95CEAD32-DE93-4D31-AEC9-05DC4B655189}.Release|Any CPU.ActiveCfg = Release|Any CPU
		{95CEAD32-DE93-4D31-AEC9-05DC4B655189}.Release|Any CPU.Build.0 = Release|Any CPU
		{30E7110A-99CE-43DD-8445-460CA916B8C1}.Debug|Any CPU.ActiveCfg = Debug|Any CPU
		{30E7110A-99CE-43DD-8445-460CA916B8C1}.Debug|Any CPU.Build.0 = Debug|Any CPU
		{30E7110A-99CE-43DD-8445-460CA916B8C1}.Release|Any CPU.ActiveCfg = Release|Any CPU
		{30E7110A-99CE-43DD-8445-460CA916B8C1}.Release|Any CPU.Build.0 = Release|Any CPU
		{7BDA4004-1225-4B45-9615-4AADA5DA57BC}.Debug|Any CPU.ActiveCfg = Debug|Any CPU
		{7BDA4004-1225-4B45-9615-4AADA5DA57BC}.Debug|Any CPU.Build.0 = Debug|Any CPU
		{7BDA4004-1225-4B45-9615-4AADA5DA57BC}.Release|Any CPU.ActiveCfg = Release|Any CPU
		{7BDA4004-1225-4B45-9615-4AADA5DA57BC}.Release|Any CPU.Build.0 = Release|Any CPU
		{AE8F5BEE-A541-41F9-99AD-CD1262E34232}.Debug|Any CPU.ActiveCfg = Debug|Any CPU
		{AE8F5BEE-A541-41F9-99AD-CD1262E34232}.Debug|Any CPU.Build.0 = Debug|Any CPU
		{AE8F5BEE-A541-41F9-99AD-CD1262E34232}.Release|Any CPU.ActiveCfg = Release|Any CPU
		{AE8F5BEE-A541-41F9-99AD-CD1262E34232}.Release|Any CPU.Build.0 = Release|Any CPU
		{92223912-8D2F-466D-B65E-F2066E970400}.Debug|Any CPU.ActiveCfg = Debug|Any CPU
		{92223912-8D2F-466D-B65E-F2066E970400}.Debug|Any CPU.Build.0 = Debug|Any CPU
		{92223912-8D2F-466D-B65E-F2066E970400}.Release|Any CPU.ActiveCfg = Release|Any CPU
		{92223912-8D2F-466D-B65E-F2066E970400}.Release|Any CPU.Build.0 = Release|Any CPU
		{589F3AC1-331B-4167-8D0B-843C5E6139BA}.Debug|Any CPU.ActiveCfg = Debug|Any CPU
		{589F3AC1-331B-4167-8D0B-843C5E6139BA}.Debug|Any CPU.Build.0 = Debug|Any CPU
		{589F3AC1-331B-4167-8D0B-843C5E6139BA}.Release|Any CPU.ActiveCfg = Release|Any CPU
		{589F3AC1-331B-4167-8D0B-843C5E6139BA}.Release|Any CPU.Build.0 = Release|Any CPU
		{23316D8F-6769-43DC-B115-FB2E1BCC3623}.Debug|Any CPU.ActiveCfg = Debug|Any CPU
		{23316D8F-6769-43DC-B115-FB2E1BCC3623}.Debug|Any CPU.Build.0 = Debug|Any CPU
		{23316D8F-6769-43DC-B115-FB2E1BCC3623}.Release|Any CPU.ActiveCfg = Release|Any CPU
		{23316D8F-6769-43DC-B115-FB2E1BCC3623}.Release|Any CPU.Build.0 = Release|Any CPU
		{6E740C99-3E6B-417B-89F2-DC76B9942FF4}.Debug|Any CPU.ActiveCfg = Debug|Any CPU
		{6E740C99-3E6B-417B-89F2-DC76B9942FF4}.Debug|Any CPU.Build.0 = Debug|Any CPU
		{6E740C99-3E6B-417B-89F2-DC76B9942FF4}.Release|Any CPU.ActiveCfg = Release|Any CPU
		{6E740C99-3E6B-417B-89F2-DC76B9942FF4}.Release|Any CPU.Build.0 = Release|Any CPU
		{AFF7A858-58CF-46B0-B304-EDC3F185B5F8}.Debug|Any CPU.ActiveCfg = Debug|Any CPU
		{AFF7A858-58CF-46B0-B304-EDC3F185B5F8}.Debug|Any CPU.Build.0 = Debug|Any CPU
		{AFF7A858-58CF-46B0-B304-EDC3F185B5F8}.Release|Any CPU.ActiveCfg = Release|Any CPU
		{AFF7A858-58CF-46B0-B304-EDC3F185B5F8}.Release|Any CPU.Build.0 = Release|Any CPU
		{00D6E76D-9BFA-4C1A-A4B2-FD98F07BB10F}.Debug|Any CPU.ActiveCfg = Debug|Any CPU
		{00D6E76D-9BFA-4C1A-A4B2-FD98F07BB10F}.Debug|Any CPU.Build.0 = Debug|Any CPU
		{00D6E76D-9BFA-4C1A-A4B2-FD98F07BB10F}.Release|Any CPU.ActiveCfg = Release|Any CPU
		{00D6E76D-9BFA-4C1A-A4B2-FD98F07BB10F}.Release|Any CPU.Build.0 = Release|Any CPU
	EndGlobalSection
	GlobalSection(SolutionProperties) = preSolution
		HideSolutionNode = FALSE
	EndGlobalSection
	GlobalSection(ExtensibilityGlobals) = postSolution
		SolutionGuid = {FA869DF6-316D-4035-9961-5E2345583F1E}
	EndGlobalSection
EndGlobal
