
Microsoft Visual Studio Solution File, Format Version 12.00
# Visual Studio Version 16
VisualStudioVersion = 16.0.28803.156
MinimumVisualStudioVersion = 10.0.40219.1
Project("{FAE04EC0-301F-11D3-BF4B-00C04F79EFBC}") = "MakeDifference", "MakeDifference\MakeDifference.csproj", "{8423A4B9-7CBE-4F64-B982-0C66D50CB14D}"
EndProject
Global
	GlobalSection(SolutionConfigurationPlatforms) = preSolution
		Debug|Any CPU = Debug|Any CPU
		Release|Any CPU = Release|Any CPU
	EndGlobalSection
	GlobalSection(ProjectConfigurationPlatforms) = postSolution
		{8423A4B9-7CBE-4F64-B982-0C66D50CB14D}.Debug|Any CPU.ActiveCfg = Debug|Any CPU
		{8423A4B9-7CBE-4F64-B982-0C66D50CB14D}.Debug|Any CPU.Build.0 = Debug|Any CPU
		{8423A4B9-7CBE-4F64-B982-0C66D50CB14D}.Release|Any CPU.ActiveCfg = Release|Any CPU
		{8423A4B9-7CBE-4F64-B982-0C66D50CB14D}.Release|Any CPU.Build.0 = Release|Any CPU
	EndGlobalSection
	GlobalSection(SolutionProperties) = preSolution
		HideSolutionNode = FALSE
	EndGlobalSection
	GlobalSection(ExtensibilityGlobals) = postSolution
		SolutionGuid = {F12855B4-95DC-4166-A7EE-D96E1211C470}
	EndGlobalSection
EndGlobal
