
Microsoft Visual Studio Solution File, Format Version 12.00
# Visual Studio 15
VisualStudioVersion = 15.0.28307.489
MinimumVisualStudioVersion = 10.0.40219.1
Project("{FAE04EC0-301F-11D3-BF4B-00C04F79EFBC}") = "WebApplication1", "WebApplication1\WebApplication1.csproj", "{E0675EDF-9FD7-41C2-A487-30002A089D58}"
EndProject
Global
	GlobalSection(SolutionConfigurationPlatforms) = preSolution
		Debug|Any CPU = Debug|Any CPU
		Release|Any CPU = Release|Any CPU
	EndGlobalSection
	GlobalSection(ProjectConfigurationPlatforms) = postSolution
		{E0675EDF-9FD7-41C2-A487-30002A089D58}.Debug|Any CPU.ActiveCfg = Debug|Any CPU
		{E0675EDF-9FD7-41C2-A487-30002A089D58}.Debug|Any CPU.Build.0 = Debug|Any CPU
		{E0675EDF-9FD7-41C2-A487-30002A089D58}.Release|Any CPU.ActiveCfg = Release|Any CPU
		{E0675EDF-9FD7-41C2-A487-30002A089D58}.Release|Any CPU.Build.0 = Release|Any CPU
	EndGlobalSection
	GlobalSection(SolutionProperties) = preSolution
		HideSolutionNode = FALSE
	EndGlobalSection
	GlobalSection(ExtensibilityGlobals) = postSolution
		SolutionGuid = {05DE60CB-730F-4A5C-8175-693A6C279A60}
	EndGlobalSection
EndGlobal
