
Microsoft Visual Studio Solution File, Format Version 12.00
# Visual Studio 15
VisualStudioVersion = 15.0.28307.168
MinimumVisualStudioVersion = 10.0.40219.1
Project("{9A19103F-16F7-4668-BE54-9A1E7A4F7556}") = "Byui.OneBridge.CommunicationHub", "Byui.OneBridge.CommunicationHub\Byui.OneBridge.CommunicationHub.csproj", "{E657CF91-6E54-4231-B836-62C5AFCAE578}"
EndProject
Project("{FAE04EC0-301F-11D3-BF4B-00C04F79EFBC}") = "Store", "Store\Store.csproj", "{37CE800C-7507-4C81-B15A-82FF6DA03F5F}"
EndProject
Global
	GlobalSection(SolutionConfigurationPlatforms) = preSolution
		Debug|Any CPU = Debug|Any CPU
		Release|Any CPU = Release|Any CPU
	EndGlobalSection
	GlobalSection(ProjectConfigurationPlatforms) = postSolution
		{E657CF91-6E54-4231-B836-62C5AFCAE578}.Debug|Any CPU.ActiveCfg = Debug|Any CPU
		{E657CF91-6E54-4231-B836-62C5AFCAE578}.Debug|Any CPU.Build.0 = Debug|Any CPU
		{E657CF91-6E54-4231-B836-62C5AFCAE578}.Release|Any CPU.ActiveCfg = Release|Any CPU
		{E657CF91-6E54-4231-B836-62C5AFCAE578}.Release|Any CPU.Build.0 = Release|Any CPU
		{37CE800C-7507-4C81-B15A-82FF6DA03F5F}.Debug|Any CPU.ActiveCfg = Debug|Any CPU
		{37CE800C-7507-4C81-B15A-82FF6DA03F5F}.Debug|Any CPU.Build.0 = Debug|Any CPU
		{37CE800C-7507-4C81-B15A-82FF6DA03F5F}.Release|Any CPU.ActiveCfg = Release|Any CPU
		{37CE800C-7507-4C81-B15A-82FF6DA03F5F}.Release|Any CPU.Build.0 = Release|Any CPU
	EndGlobalSection
	GlobalSection(SolutionProperties) = preSolution
		HideSolutionNode = FALSE
	EndGlobalSection
	GlobalSection(ExtensibilityGlobals) = postSolution
		SolutionGuid = {1FB40779-EC9A-4594-86E1-43E80B07B980}
	EndGlobalSection
EndGlobal
