
Microsoft Visual Studio Solution File, Format Version 12.00
# Visual Studio 15
VisualStudioVersion = 15.0.28307.438
MinimumVisualStudioVersion = 10.0.40219.1
Project("{F184B08F-C81C-45F6-A57F-5ABD9991F28F}") = "ClassList", "ClassList\ClassList.vbproj", "{3E4521D5-1D35-4366-9F97-EC59F6694AD6}"
EndProject
Project("{F184B08F-C81C-45F6-A57F-5ABD9991F28F}") = "ClassList.Tests", "ClassList.Tests\ClassList.Tests.vbproj", "{A9DAED7B-9131-4170-B1F7-B70176838AD6}"
EndProject
Global
	GlobalSection(SolutionConfigurationPlatforms) = preSolution
		Debug|Any CPU = Debug|Any CPU
		Release|Any CPU = Release|Any CPU
	EndGlobalSection
	GlobalSection(ProjectConfigurationPlatforms) = postSolution
		{3E4521D5-1D35-4366-9F97-EC59F6694AD6}.Debug|Any CPU.ActiveCfg = Debug|Any CPU
		{3E4521D5-1D35-4366-9F97-EC59F6694AD6}.Debug|Any CPU.Build.0 = Debug|Any CPU
		{3E4521D5-1D35-4366-9F97-EC59F6694AD6}.Release|Any CPU.ActiveCfg = Release|Any CPU
		{3E4521D5-1D35-4366-9F97-EC59F6694AD6}.Release|Any CPU.Build.0 = Release|Any CPU
		{A9DAED7B-9131-4170-B1F7-B70176838AD6}.Debug|Any CPU.ActiveCfg = Debug|Any CPU
		{A9DAED7B-9131-4170-B1F7-B70176838AD6}.Debug|Any CPU.Build.0 = Debug|Any CPU
		{A9DAED7B-9131-4170-B1F7-B70176838AD6}.Release|Any CPU.ActiveCfg = Release|Any CPU
		{A9DAED7B-9131-4170-B1F7-B70176838AD6}.Release|Any CPU.Build.0 = Release|Any CPU
	EndGlobalSection
	GlobalSection(SolutionProperties) = preSolution
		HideSolutionNode = FALSE
	EndGlobalSection
	GlobalSection(ExtensibilityGlobals) = postSolution
		SolutionGuid = {2310E244-CBB0-4F8F-9687-B7451C84C36F}
	EndGlobalSection
EndGlobal
